
Microsoft Visual Studio Solution File, Format Version 12.00
# Visual Studio Version 18
VisualStudioVersion = 18.2.11415.280 d18.0
MinimumVisualStudioVersion = 10.0.40219.1
Project("{FAE04EC0-301F-11D3-BF4B-00C04F79EFBC}") = "Portfolio.Api", "Portfolio.Api.csproj", "{8337BD35-479A-0EBE-9D64-D19AC09B7146}"
EndProject
Project("{FAE04EC0-301F-11D3-BF4B-00C04F79EFBC}") = "Notification.Consumer", "..\Portfolio.Producer\Notification.Consumer.csproj", "{218E515B-CD02-DD42-B58D-FE69A9D30271}"
EndProject
Global
	GlobalSection(SolutionConfigurationPlatforms) = preSolution
		Debug|Any CPU = Debug|Any CPU
		Release|Any CPU = Release|Any CPU
	EndGlobalSection
	GlobalSection(ProjectConfigurationPlatforms) = postSolution
		{8337BD35-479A-0EBE-9D64-D19AC09B7146}.Debug|Any CPU.ActiveCfg = Debug|Any CPU
		{8337BD35-479A-0EBE-9D64-D19AC09B7146}.Debug|Any CPU.Build.0 = Debug|Any CPU
		{8337BD35-479A-0EBE-9D64-D19AC09B7146}.Release|Any CPU.ActiveCfg = Release|Any CPU
		{8337BD35-479A-0EBE-9D64-D19AC09B7146}.Release|Any CPU.Build.0 = Release|Any CPU
		{218E515B-CD02-DD42-B58D-FE69A9D30271}.Debug|Any CPU.ActiveCfg = Debug|Any CPU
		{218E515B-CD02-DD42-B58D-FE69A9D30271}.Debug|Any CPU.Build.0 = Debug|Any CPU
		{218E515B-CD02-DD42-B58D-FE69A9D30271}.Release|Any CPU.ActiveCfg = Release|Any CPU
		{218E515B-CD02-DD42-B58D-FE69A9D30271}.Release|Any CPU.Build.0 = Release|Any CPU
	EndGlobalSection
	GlobalSection(SolutionProperties) = preSolution
		HideSolutionNode = FALSE
	EndGlobalSection
	GlobalSection(ExtensibilityGlobals) = postSolution
		SolutionGuid = {F295B087-F93D-4513-A04F-972225F5B577}
	EndGlobalSection
EndGlobal
